
Microsoft Visual Studio Solution File, Format Version 12.00
# Visual Studio Version 17
VisualStudioVersion = 17.11.35312.102
MinimumVisualStudioVersion = 10.0.40219.1
Project("{FAE04EC0-301F-11D3-BF4B-00C04F79EFBC}") = "Blog.Management.Services", "Blog.Management.Services\Blog.Management.Services.csproj", "{D2DC219A-88C9-4E50-AD69-D8DA97D81248}"
EndProject
Project("{FAE04EC0-301F-11D3-BF4B-00C04F79EFBC}") = "Blog.Management.Api", "Blog.Management.Api\Blog.Management.Api.csproj", "{6BCF526D-DC29-4574-9062-7D41EBE62518}"
EndProject
Global
	GlobalSection(SolutionConfigurationPlatforms) = preSolution
		Debug|Any CPU = Debug|Any CPU
		Release|Any CPU = Release|Any CPU
	EndGlobalSection
	GlobalSection(ProjectConfigurationPlatforms) = postSolution
		{D2DC219A-88C9-4E50-AD69-D8DA97D81248}.Debug|Any CPU.ActiveCfg = Debug|Any CPU
		{D2DC219A-88C9-4E50-AD69-D8DA97D81248}.Debug|Any CPU.Build.0 = Debug|Any CPU
		{D2DC219A-88C9-4E50-AD69-D8DA97D81248}.Release|Any CPU.ActiveCfg = Release|Any CPU
		{D2DC219A-88C9-4E50-AD69-D8DA97D81248}.Release|Any CPU.Build.0 = Release|Any CPU
		{6BCF526D-DC29-4574-9062-7D41EBE62518}.Debug|Any CPU.ActiveCfg = Debug|Any CPU
		{6BCF526D-DC29-4574-9062-7D41EBE62518}.Debug|Any CPU.Build.0 = Debug|Any CPU
		{6BCF526D-DC29-4574-9062-7D41EBE62518}.Release|Any CPU.ActiveCfg = Release|Any CPU
		{6BCF526D-DC29-4574-9062-7D41EBE62518}.Release|Any CPU.Build.0 = Release|Any CPU
	EndGlobalSection
	GlobalSection(SolutionProperties) = preSolution
		HideSolutionNode = FALSE
	EndGlobalSection
	GlobalSection(ExtensibilityGlobals) = postSolution
		SolutionGuid = {A05B0093-E49F-4C41-926B-D358C13A86FE}
	EndGlobalSection
EndGlobal
